
Microsoft Visual Studio Solution File, Format Version 12.00
# Visual Studio 15
VisualStudioVersion = 15.0.28307.1169
MinimumVisualStudioVersion = 10.0.40219.1
Project("{FAE04EC0-301F-11D3-BF4B-00C04F79EFBC}") = "TRMDataManager", "TRMDataManager\TRMDataManager.csproj", "{EC6D4D94-9C84-444E-9A01-10CAC4F9E6A7}"
EndProject
Project("{00D1A9C2-B5F0-4AF3-8072-F6C62B433612}") = "TRMData", "TRMData\TRMData.sqlproj", "{B2387345-FCB5-43F1-8FE8-14BCCD717890}"
EndProject
Project("{FAE04EC0-301F-11D3-BF4B-00C04F79EFBC}") = "TRMDesktopUI", "TRMDesktopUI\TRMDesktopUI.csproj", "{F9F6862F-9916-4AAA-B497-7458E2F79BB4}"
EndProject
Project("{FAE04EC0-301F-11D3-BF4B-00C04F79EFBC}") = "TRMDataManager.Library", "TRMDataManager.Library\TRMDataManager.Library.csproj", "{AE3C6920-1AB5-4F44-A363-DA2681E531EB}"
EndProject
Project("{FAE04EC0-301F-11D3-BF4B-00C04F79EFBC}") = "TRMDesktopUI.Library", "TRMDesktopUI.Library\TRMDesktopUI.Library.csproj", "{5E68090C-4486-4537-AC3F-6BE1E41CFECE}"
EndProject
Global
	GlobalSection(SolutionConfigurationPlatforms) = preSolution
		Debug|Any CPU = Debug|Any CPU
		Release|Any CPU = Release|Any CPU
	EndGlobalSection
	GlobalSection(ProjectConfigurationPlatforms) = postSolution
		{EC6D4D94-9C84-444E-9A01-10CAC4F9E6A7}.Debug|Any CPU.ActiveCfg = Debug|Any CPU
		{EC6D4D94-9C84-444E-9A01-10CAC4F9E6A7}.Debug|Any CPU.Build.0 = Debug|Any CPU
		{EC6D4D94-9C84-444E-9A01-10CAC4F9E6A7}.Release|Any CPU.ActiveCfg = Release|Any CPU
		{EC6D4D94-9C84-444E-9A01-10CAC4F9E6A7}.Release|Any CPU.Build.0 = Release|Any CPU
		{B2387345-FCB5-43F1-8FE8-14BCCD717890}.Debug|Any CPU.ActiveCfg = Debug|Any CPU
		{B2387345-FCB5-43F1-8FE8-14BCCD717890}.Debug|Any CPU.Build.0 = Debug|Any CPU
		{B2387345-FCB5-43F1-8FE8-14BCCD717890}.Debug|Any CPU.Deploy.0 = Debug|Any CPU
		{B2387345-FCB5-43F1-8FE8-14BCCD717890}.Release|Any CPU.ActiveCfg = Release|Any CPU
		{B2387345-FCB5-43F1-8FE8-14BCCD717890}.Release|Any CPU.Build.0 = Release|Any CPU
		{B2387345-FCB5-43F1-8FE8-14BCCD717890}.Release|Any CPU.Deploy.0 = Release|Any CPU
		{F9F6862F-9916-4AAA-B497-7458E2F79BB4}.Debug|Any CPU.ActiveCfg = Debug|Any CPU
		{F9F6862F-9916-4AAA-B497-7458E2F79BB4}.Debug|Any CPU.Build.0 = Debug|Any CPU
		{F9F6862F-9916-4AAA-B497-7458E2F79BB4}.Release|Any CPU.ActiveCfg = Release|Any CPU
		{F9F6862F-9916-4AAA-B497-7458E2F79BB4}.Release|Any CPU.Build.0 = Release|Any CPU
		{AE3C6920-1AB5-4F44-A363-DA2681E531EB}.Debug|Any CPU.ActiveCfg = Debug|Any CPU
		{AE3C6920-1AB5-4F44-A363-DA2681E531EB}.Debug|Any CPU.Build.0 = Debug|Any CPU
		{AE3C6920-1AB5-4F44-A363-DA2681E531EB}.Release|Any CPU.ActiveCfg = Release|Any CPU
		{AE3C6920-1AB5-4F44-A363-DA2681E531EB}.Release|Any CPU.Build.0 = Release|Any CPU
		{5E68090C-4486-4537-AC3F-6BE1E41CFECE}.Debug|Any CPU.ActiveCfg = Debug|Any CPU
		{5E68090C-4486-4537-AC3F-6BE1E41CFECE}.Debug|Any CPU.Build.0 = Debug|Any CPU
		{5E68090C-4486-4537-AC3F-6BE1E41CFECE}.Release|Any CPU.ActiveCfg = Release|Any CPU
		{5E68090C-4486-4537-AC3F-6BE1E41CFECE}.Release|Any CPU.Build.0 = Release|Any CPU
	EndGlobalSection
	GlobalSection(SolutionProperties) = preSolution
		HideSolutionNode = FALSE
	EndGlobalSection
	GlobalSection(ExtensibilityGlobals) = postSolution
		SolutionGuid = {971B858C-2425-4A13-BBC6-A60D0E9A661F}
	EndGlobalSection
EndGlobal
